
Microsoft Visual Studio Solution File, Format Version 12.00
# Visual Studio Version 17
VisualStudioVersion = 17.11.35208.52
MinimumVisualStudioVersion = 10.0.40219.1
Project("{9A19103F-16F7-4668-BE54-9A1E7A4F7556}") = "Test", "Test\Test.csproj", "{8B7FE9C0-B152-4CB2-99FE-3D84D88B497B}"
EndProject
Project("{E53339B2-1760-4266-BCC7-CA923CBCF16C}") = "docker-compose", "docker-compose.dcproj", "{3AC8B4FA-8559-4743-A79E-0CF67AFAB05C}"
EndProject
Project("{2150E333-8FDC-42A3-9474-1A3956D46DE8}") = "Solution Items", "Solution Items", "{16DD31F1-9D55-4ACA-81CE-5828E0584901}"
	ProjectSection(SolutionItems) = preProject
		railway.toml = railway.toml
	EndProjectSection
EndProject
Global
	GlobalSection(SolutionConfigurationPlatforms) = preSolution
		Debug|Any CPU = Debug|Any CPU
		Release|Any CPU = Release|Any CPU
	EndGlobalSection
	GlobalSection(ProjectConfigurationPlatforms) = postSolution
		{8B7FE9C0-B152-4CB2-99FE-3D84D88B497B}.Debug|Any CPU.ActiveCfg = Debug|Any CPU
		{8B7FE9C0-B152-4CB2-99FE-3D84D88B497B}.Debug|Any CPU.Build.0 = Debug|Any CPU
		{8B7FE9C0-B152-4CB2-99FE-3D84D88B497B}.Release|Any CPU.ActiveCfg = Release|Any CPU
		{8B7FE9C0-B152-4CB2-99FE-3D84D88B497B}.Release|Any CPU.Build.0 = Release|Any CPU
		{3AC8B4FA-8559-4743-A79E-0CF67AFAB05C}.Debug|Any CPU.ActiveCfg = Debug|Any CPU
		{3AC8B4FA-8559-4743-A79E-0CF67AFAB05C}.Debug|Any CPU.Build.0 = Debug|Any CPU
		{3AC8B4FA-8559-4743-A79E-0CF67AFAB05C}.Release|Any CPU.ActiveCfg = Release|Any CPU
		{3AC8B4FA-8559-4743-A79E-0CF67AFAB05C}.Release|Any CPU.Build.0 = Release|Any CPU
	EndGlobalSection
	GlobalSection(SolutionProperties) = preSolution
		HideSolutionNode = FALSE
	EndGlobalSection
	GlobalSection(ExtensibilityGlobals) = postSolution
		SolutionGuid = {18F0744B-88A3-4CDC-92DC-DC58A3584F47}
	EndGlobalSection
EndGlobal
